
Microsoft Visual Studio Solution File, Format Version 12.00
# Visual Studio 15
VisualStudioVersion = 15.0.27703.2035
MinimumVisualStudioVersion = 10.0.40219.1
Project("{FAE04EC0-301F-11D3-BF4B-00C04F79EFBC}") = "ContosoUniversity", "ContosoUniversity\ContosoUniversity.csproj", "{EC2DB76D-FDB7-494E-B997-99E1CB7B4B9A}"
EndProject
Global
	GlobalSection(SolutionConfigurationPlatforms) = preSolution
		Debug|Any CPU = Debug|Any CPU
		Release|Any CPU = Release|Any CPU
	EndGlobalSection
	GlobalSection(ProjectConfigurationPlatforms) = postSolution
		{EC2DB76D-FDB7-494E-B997-99E1CB7B4B9A}.Debug|Any CPU.ActiveCfg = Debug|Any CPU
		{EC2DB76D-FDB7-494E-B997-99E1CB7B4B9A}.Debug|Any CPU.Build.0 = Debug|Any CPU
		{EC2DB76D-FDB7-494E-B997-99E1CB7B4B9A}.Release|Any CPU.ActiveCfg = Release|Any CPU
		{EC2DB76D-FDB7-494E-B997-99E1CB7B4B9A}.Release|Any CPU.Build.0 = Release|Any CPU
	EndGlobalSection
	GlobalSection(SolutionProperties) = preSolution
		HideSolutionNode = FALSE
	EndGlobalSection
	GlobalSection(ExtensibilityGlobals) = postSolution
		SolutionGuid = {495958B1-7DA4-4466-8C7E-2C0EBF80255C}
	EndGlobalSection
EndGlobal
